
Microsoft Visual Studio Solution File, Format Version 12.00
# Visual Studio 15
Project("{FAE04EC0-301F-11D3-BF4B-00C04F79EFBC}") = "Assembly-CSharp", "Assembly-CSharp.csproj", "{ACDF568E-8E3D-EB29-41F1-3BB25B96476A}"
EndProject
Project("{FAE04EC0-301F-11D3-BF4B-00C04F79EFBC}") = "SteamVR", "SteamVR.csproj", "{986EB5E2-2A5D-0AC8-57F3-DAD4ABAEC134}"
EndProject
Project("{FAE04EC0-301F-11D3-BF4B-00C04F79EFBC}") = "Assembly-CSharp-firstpass", "Assembly-CSharp-firstpass.csproj", "{196FD37A-55ED-A563-0DB6-C8B01EBDC090}"
EndProject
Project("{FAE04EC0-301F-11D3-BF4B-00C04F79EFBC}") = "SteamVR_Actions", "SteamVR_Actions.csproj", "{1663DA40-4EA5-AE83-9B16-6388B048C0A4}"
EndProject
Project("{FAE04EC0-301F-11D3-BF4B-00C04F79EFBC}") = "SteamVR_Editor", "SteamVR_Editor.csproj", "{287B9C5C-2CCA-CA59-CB3B-BB271F31C801}"
EndProject
Project("{FAE04EC0-301F-11D3-BF4B-00C04F79EFBC}") = "Assembly-CSharp-Editor-firstpass", "Assembly-CSharp-Editor-firstpass.csproj", "{FDBE30FB-7A9B-E86F-D414-11D66E3E2210}"
EndProject
Project("{FAE04EC0-301F-11D3-BF4B-00C04F79EFBC}") = "Assembly-CSharp-Editor", "Assembly-CSharp-Editor.csproj", "{7E104753-CF5A-687A-D3B4-626AF30F274B}"
EndProject
Project("{FAE04EC0-301F-11D3-BF4B-00C04F79EFBC}") = "SteamVR_Input_Editor", "SteamVR_Input_Editor.csproj", "{B7244AE4-5668-2780-2596-E6F95D0ADD2F}"
EndProject
Project("{FAE04EC0-301F-11D3-BF4B-00C04F79EFBC}") = "SteamVR_Windows_EditorHelper", "SteamVR_Windows_EditorHelper.csproj", "{51D3109E-B098-2186-2ADA-9230572456EA}"
EndProject
Global
	GlobalSection(SolutionConfigurationPlatforms) = preSolution
		Debug|Any CPU = Debug|Any CPU
		Release|Any CPU = Release|Any CPU
	EndGlobalSection
	GlobalSection(ProjectConfigurationPlatforms) = postSolution
		{ACDF568E-8E3D-EB29-41F1-3BB25B96476A}.Debug|Any CPU.ActiveCfg = Debug|Any CPU
		{ACDF568E-8E3D-EB29-41F1-3BB25B96476A}.Debug|Any CPU.Build.0 = Debug|Any CPU
		{ACDF568E-8E3D-EB29-41F1-3BB25B96476A}.Release|Any CPU.ActiveCfg = Release|Any CPU
		{ACDF568E-8E3D-EB29-41F1-3BB25B96476A}.Release|Any CPU.Build.0 = Release|Any CPU
		{986EB5E2-2A5D-0AC8-57F3-DAD4ABAEC134}.Debug|Any CPU.ActiveCfg = Debug|Any CPU
		{986EB5E2-2A5D-0AC8-57F3-DAD4ABAEC134}.Debug|Any CPU.Build.0 = Debug|Any CPU
		{986EB5E2-2A5D-0AC8-57F3-DAD4ABAEC134}.Release|Any CPU.ActiveCfg = Release|Any CPU
		{986EB5E2-2A5D-0AC8-57F3-DAD4ABAEC134}.Release|Any CPU.Build.0 = Release|Any CPU
		{196FD37A-55ED-A563-0DB6-C8B01EBDC090}.Debug|Any CPU.ActiveCfg = Debug|Any CPU
		{196FD37A-55ED-A563-0DB6-C8B01EBDC090}.Debug|Any CPU.Build.0 = Debug|Any CPU
		{196FD37A-55ED-A563-0DB6-C8B01EBDC090}.Release|Any CPU.ActiveCfg = Release|Any CPU
		{196FD37A-55ED-A563-0DB6-C8B01EBDC090}.Release|Any CPU.Build.0 = Release|Any CPU
		{1663DA40-4EA5-AE83-9B16-6388B048C0A4}.Debug|Any CPU.ActiveCfg = Debug|Any CPU
		{1663DA40-4EA5-AE83-9B16-6388B048C0A4}.Debug|Any CPU.Build.0 = Debug|Any CPU
		{1663DA40-4EA5-AE83-9B16-6388B048C0A4}.Release|Any CPU.ActiveCfg = Release|Any CPU
		{1663DA40-4EA5-AE83-9B16-6388B048C0A4}.Release|Any CPU.Build.0 = Release|Any CPU
		{287B9C5C-2CCA-CA59-CB3B-BB271F31C801}.Debug|Any CPU.ActiveCfg = Debug|Any CPU
		{287B9C5C-2CCA-CA59-CB3B-BB271F31C801}.Debug|Any CPU.Build.0 = Debug|Any CPU
		{287B9C5C-2CCA-CA59-CB3B-BB271F31C801}.Release|Any CPU.ActiveCfg = Release|Any CPU
		{287B9C5C-2CCA-CA59-CB3B-BB271F31C801}.Release|Any CPU.Build.0 = Release|Any CPU
		{FDBE30FB-7A9B-E86F-D414-11D66E3E2210}.Debug|Any CPU.ActiveCfg = Debug|Any CPU
		{FDBE30FB-7A9B-E86F-D414-11D66E3E2210}.Debug|Any CPU.Build.0 = Debug|Any CPU
		{FDBE30FB-7A9B-E86F-D414-11D66E3E2210}.Release|Any CPU.ActiveCfg = Release|Any CPU
		{FDBE30FB-7A9B-E86F-D414-11D66E3E2210}.Release|Any CPU.Build.0 = Release|Any CPU
		{7E104753-CF5A-687A-D3B4-626AF30F274B}.Debug|Any CPU.ActiveCfg = Debug|Any CPU
		{7E104753-CF5A-687A-D3B4-626AF30F274B}.Debug|Any CPU.Build.0 = Debug|Any CPU
		{7E104753-CF5A-687A-D3B4-626AF30F274B}.Release|Any CPU.ActiveCfg = Release|Any CPU
		{7E104753-CF5A-687A-D3B4-626AF30F274B}.Release|Any CPU.Build.0 = Release|Any CPU
		{B7244AE4-5668-2780-2596-E6F95D0ADD2F}.Debug|Any CPU.ActiveCfg = Debug|Any CPU
		{B7244AE4-5668-2780-2596-E6F95D0ADD2F}.Debug|Any CPU.Build.0 = Debug|Any CPU
		{B7244AE4-5668-2780-2596-E6F95D0ADD2F}.Release|Any CPU.ActiveCfg = Release|Any CPU
		{B7244AE4-5668-2780-2596-E6F95D0ADD2F}.Release|Any CPU.Build.0 = Release|Any CPU
		{51D3109E-B098-2186-2ADA-9230572456EA}.Debug|Any CPU.ActiveCfg = Debug|Any CPU
		{51D3109E-B098-2186-2ADA-9230572456EA}.Debug|Any CPU.Build.0 = Debug|Any CPU
		{51D3109E-B098-2186-2ADA-9230572456EA}.Release|Any CPU.ActiveCfg = Release|Any CPU
		{51D3109E-B098-2186-2ADA-9230572456EA}.Release|Any CPU.Build.0 = Release|Any CPU
	EndGlobalSection
	GlobalSection(SolutionProperties) = preSolution
		HideSolutionNode = FALSE
	EndGlobalSection
EndGlobal
